{
  "nodes": {
    "claude-code-nixpkgs": {
      "locked": {
        "lastModified": 1767995494,
        "narHash": "sha256-2EwKigq/8Yfl0D1+BaqsF1qh40DxX+rDdDyw1razX/Q=",
        "owner": "NixOS",
        "repo": "nixpkgs",
        "rev": "45a1530683263666f42d1de4cdda328109d5a676",
        "type": "github"
      },
      "original": {
        "owner": "NixOS",
        "repo": "nixpkgs",
        "rev": "45a1530683263666f42d1de4cdda328109d5a676",
        "type": "github"
      }
    },
    "home-manager": {
      "inputs": {
        "nixpkgs": "nixpkgs"
      },
      "locked": {
        "lastModified": 1777004352,
        "narHash": "sha256-SV+9PgNwZ8jHVCjK6YaCBzaheLSW7cDnm5DpOYrD8Vw=",
        "owner": "nix-community",
        "repo": "home-manager",
        "rev": "6012cf1fed3eba66115f3fd117b9be6bd2a15b2f",
        "type": "github"
      },
      "original": {
        "owner": "nix-community",
        "repo": "home-manager",
        "type": "github"
      }
    },
    "nixpkgs": {
      "locked": {
        "lastModified": 1775423009,
        "narHash": "sha256-vPKLpjhIVWdDrfiUM8atW6YkIggCEKdSAlJPzzhkQlw=",
        "owner": "NixOS",
        "repo": "nixpkgs",
        "rev": "68d8aa3d661f0e6bd5862291b5bb263b2a6595c9",
        "type": "github"
      },
      "original": {
        "owner": "NixOS",
        "ref": "nixos-unstable",
        "repo": "nixpkgs",
        "type": "github"
      }
    },
    "nixpkgs_2": {
      "locked": {
        "lastModified": 1776548001,
        "narHash": "sha256-ZSK0NL4a1BwVbbTBoSnWgbJy9HeZFXLYQizjb2DPF24=",
        "owner": "NixOS",
        "repo": "nixpkgs",
        "rev": "b12141ef619e0a9c1c84dc8c684040326f27cdcc",
        "type": "github"
      },
      "original": {
        "owner": "NixOS",
        "ref": "nixos-unstable",
        "repo": "nixpkgs",
        "type": "github"
      }
    },
    "nixpkgs_3": {
      "locked": {
        "lastModified": 1744536153,
        "narHash": "sha256-awS2zRgF4uTwrOKwwiJcByDzDOdo3Q1rPZbiHQg/N38=",
        "owner": "NixOS",
        "repo": "nixpkgs",
        "rev": "18dd725c29603f582cf1900e0d25f9f1063dbf11",
        "type": "github"
      },
      "original": {
        "owner": "NixOS",
        "ref": "nixpkgs-unstable",
        "repo": "nixpkgs",
        "type": "github"
      }
    },
    "nixpkgs_4": {
      "locked": {
        "lastModified": 1775888245,
        "narHash": "sha256-nwASzrRDD1JBEu/o8ekKYEXm/oJW6EMCzCRdrwcLe90=",
        "owner": "NixOS",
        "repo": "nixpkgs",
        "rev": "13043924aaa7375ce482ebe2494338e058282925",
        "type": "github"
      },
      "original": {
        "owner": "NixOS",
        "ref": "nixpkgs-unstable",
        "repo": "nixpkgs",
        "type": "github"
      }
    },
    "root": {
      "inputs": {
        "claude-code-nixpkgs": "claude-code-nixpkgs",
        "home-manager": "home-manager",
        "nixpkgs": "nixpkgs_2",
        "rust-overlay": "rust-overlay",
        "sops-nix": "sops-nix"
      }
    },
    "rust-overlay": {
      "inputs": {
        "nixpkgs": "nixpkgs_3"
      },
      "locked": {
        "lastModified": 1777000482,
        "narHash": "sha256-CZ5FKUSA8FCJf0h9GWdPJXoVVDL9H5yC74GkVc5ubIM=",
        "owner": "oxalica",
        "repo": "rust-overlay",
        "rev": "403c09094a877e6c4816462d00b1a56ff8198e06",
        "type": "github"
      },
      "original": {
        "owner": "oxalica",
        "repo": "rust-overlay",
        "type": "github"
      }
    },
    "sops-nix": {
      "inputs": {
        "nixpkgs": "nixpkgs_4"
      },
      "locked": {
        "lastModified": 1776771786,
        "narHash": "sha256-DRFGPfFV6hbrfO9a1PH1FkCi7qR5FgjSqsQGGvk1rdI=",
        "owner": "Mic92",
        "repo": "sops-nix",
        "rev": "bef289e2248991f7afeb95965c82fbcd8ff72598",
        "type": "github"
      },
      "original": {
        "owner": "Mic92",
        "repo": "sops-nix",
        "type": "github"
      }
    }
  },
  "root": "root",
  "version": 7
}
